
Microsoft Visual Studio Solution File, Format Version 12.00
# Visual Studio Version 17
VisualStudioVersion = 17.3.32804.467
MinimumVisualStudioVersion = 10.0.40219.1
Project("{9A19103F-16F7-4668-BE54-9A1E7A4F7556}") = "TopicCreator", "TopicCreator\TopicCreator.csproj", "{F7CE6D1E-27C5-4C5C-8876-33638C679582}"
EndProject
Project("{9A19103F-16F7-4668-BE54-9A1E7A4F7556}") = "Producer", "Producer\Producer.csproj", "{62852511-1B78-49CB-9388-E053A37AC378}"
EndProject
Project("{9A19103F-16F7-4668-BE54-9A1E7A4F7556}") = "Consumer", "Consumer\Consumer.csproj", "{89A49922-0E19-4C89-9AE0-FFFA5D342FD4}"
EndProject
Project("{9A19103F-16F7-4668-BE54-9A1E7A4F7556}") = "Events", "Events\Events.csproj", "{2DBE3F18-CCC4-4E7C-B0F1-64DBDFFC37F5}"
EndProject
Global
	GlobalSection(SolutionConfigurationPlatforms) = preSolution
		Debug|Any CPU = Debug|Any CPU
		Release|Any CPU = Release|Any CPU
	EndGlobalSection
	GlobalSection(ProjectConfigurationPlatforms) = postSolution
		{F7CE6D1E-27C5-4C5C-8876-33638C679582}.Debug|Any CPU.ActiveCfg = Debug|Any CPU
		{F7CE6D1E-27C5-4C5C-8876-33638C679582}.Debug|Any CPU.Build.0 = Debug|Any CPU
		{F7CE6D1E-27C5-4C5C-8876-33638C679582}.Release|Any CPU.ActiveCfg = Release|Any CPU
		{F7CE6D1E-27C5-4C5C-8876-33638C679582}.Release|Any CPU.Build.0 = Release|Any CPU
		{62852511-1B78-49CB-9388-E053A37AC378}.Debug|Any CPU.ActiveCfg = Debug|Any CPU
		{62852511-1B78-49CB-9388-E053A37AC378}.Debug|Any CPU.Build.0 = Debug|Any CPU
		{62852511-1B78-49CB-9388-E053A37AC378}.Release|Any CPU.ActiveCfg = Release|Any CPU
		{62852511-1B78-49CB-9388-E053A37AC378}.Release|Any CPU.Build.0 = Release|Any CPU
		{89A49922-0E19-4C89-9AE0-FFFA5D342FD4}.Debug|Any CPU.ActiveCfg = Debug|Any CPU
		{89A49922-0E19-4C89-9AE0-FFFA5D342FD4}.Debug|Any CPU.Build.0 = Debug|Any CPU
		{89A49922-0E19-4C89-9AE0-FFFA5D342FD4}.Release|Any CPU.ActiveCfg = Release|Any CPU
		{89A49922-0E19-4C89-9AE0-FFFA5D342FD4}.Release|Any CPU.Build.0 = Release|Any CPU
		{2DBE3F18-CCC4-4E7C-B0F1-64DBDFFC37F5}.Debug|Any CPU.ActiveCfg = Debug|Any CPU
		{2DBE3F18-CCC4-4E7C-B0F1-64DBDFFC37F5}.Debug|Any CPU.Build.0 = Debug|Any CPU
		{2DBE3F18-CCC4-4E7C-B0F1-64DBDFFC37F5}.Release|Any CPU.ActiveCfg = Release|Any CPU
		{2DBE3F18-CCC4-4E7C-B0F1-64DBDFFC37F5}.Release|Any CPU.Build.0 = Release|Any CPU
	EndGlobalSection
	GlobalSection(SolutionProperties) = preSolution
		HideSolutionNode = FALSE
	EndGlobalSection
	GlobalSection(ExtensibilityGlobals) = postSolution
		SolutionGuid = {D8749B80-E058-462C-BD74-A885E89FEE70}
	EndGlobalSection
EndGlobal
